// !$*UTF8*$!
{
	archiveVersion = 1;
	classes = {
	};
	objectVersion = 56;
	objects = {

/* Begin PBXBuildFile section */
		1242BE0A2A9616C00011332A /* ProfileTableViewController.swift in Sources */ = {isa = PBXBuildFile; fileRef = 1242BE092A9616C00011332A /* ProfileTableViewController.swift */; };
		1242BE0D2A9627380011332A /* RecentChat.swift in Sources */ = {isa = PBXBuildFile; fileRef = 1242BE0C2A9627380011332A /* RecentChat.swift */; };
		1242BE0F2A963BA00011332A /* RecentTableViewCell.swift in Sources */ = {isa = PBXBuildFile; fileRef = 1242BE0E2A963BA00011332A /* RecentTableViewCell.swift */; };
		1242BE112A964A910011332A /* StartChat.swift in Sources */ = {isa = PBXBuildFile; fileRef = 1242BE102A964A910011332A /* StartChat.swift */; };
		1242BE132A9A59600011332A /* FirebaseRecentListener.swift in Sources */ = {isa = PBXBuildFile; fileRef = 1242BE122A9A59600011332A /* FirebaseRecentListener.swift */; };
		1242BE152A9CB6090011332A /* ChatsTableViewController.swift in Sources */ = {isa = PBXBuildFile; fileRef = 1242BE142A9CB6090011332A /* ChatsTableViewController.swift */; };
		1242BE172A9E19A20011332A /* ChatViewController.swift in Sources */ = {isa = PBXBuildFile; fileRef = 1242BE162A9E19A20011332A /* ChatViewController.swift */; };
		125D2C182A8C041A003415B1 /* AppDelegate.swift in Sources */ = {isa = PBXBuildFile; fileRef = 125D2C172A8C041A003415B1 /* AppDelegate.swift */; };
		125D2C1A2A8C041A003415B1 /* SceneDelegate.swift in Sources */ = {isa = PBXBuildFile; fileRef = 125D2C192A8C041A003415B1 /* SceneDelegate.swift */; };
		125D2C1C2A8C041A003415B1 /* LoginViewController.swift in Sources */ = {isa = PBXBuildFile; fileRef = 125D2C1B2A8C041A003415B1 /* LoginViewController.swift */; };
		125D2C1F2A8C041A003415B1 /* Main.storyboard in Resources */ = {isa = PBXBuildFile; fileRef = 125D2C1D2A8C041A003415B1 /* Main.storyboard */; };
		125D2C212A8C041C003415B1 /* Assets.xcassets in Resources */ = {isa = PBXBuildFile; fileRef = 125D2C202A8C041C003415B1 /* Assets.xcassets */; };
		125D2C242A8C041C003415B1 /* LaunchScreen.storyboard in Resources */ = {isa = PBXBuildFile; fileRef = 125D2C222A8C041C003415B1 /* LaunchScreen.storyboard */; };
		125D2C2C2A8C0BC4003415B1 /* GoogleService-Info.plist in Resources */ = {isa = PBXBuildFile; fileRef = 125D2C2B2A8C0BC4003415B1 /* GoogleService-Info.plist */; };
		128E4FC42A9F5BE30028244D /* MessageDataSource.swift in Sources */ = {isa = PBXBuildFile; fileRef = 128E4FC32A9F5BE30028244D /* MessageDataSource.swift */; };
		128E4FC72A9F5C210028244D /* MessageCellDelegate.swift in Sources */ = {isa = PBXBuildFile; fileRef = 128E4FC62A9F5C210028244D /* MessageCellDelegate.swift */; };
		128E4FC92A9F5C3F0028244D /* MessageDisplayDelegate.swift in Sources */ = {isa = PBXBuildFile; fileRef = 128E4FC82A9F5C3F0028244D /* MessageDisplayDelegate.swift */; };
		128E4FCB2A9F5C4E0028244D /* MessageLayoutDelegate.swift in Sources */ = {isa = PBXBuildFile; fileRef = 128E4FCA2A9F5C4E0028244D /* MessageLayoutDelegate.swift */; };
		128E4FCD2A9F5C5E0028244D /* InputBarAccessoryViewDelegate.swift in Sources */ = {isa = PBXBuildFile; fileRef = 128E4FCC2A9F5C5E0028244D /* InputBarAccessoryViewDelegate.swift */; };
		128E4FCF2A9F62220028244D /* MessageKitDefaults.swift in Sources */ = {isa = PBXBuildFile; fileRef = 128E4FCE2A9F62220028244D /* MessageKitDefaults.swift */; };
		128E4FD12A9F71730028244D /* MKMessage.swift in Sources */ = {isa = PBXBuildFile; fileRef = 128E4FD02A9F71730028244D /* MKMessage.swift */; };
		128E4FD32A9F75E40028244D /* LocalMessage.swift in Sources */ = {isa = PBXBuildFile; fileRef = 128E4FD22A9F75E40028244D /* LocalMessage.swift */; };
		12BFE5A92A8E5D55005748B2 /* User.swift in Sources */ = {isa = PBXBuildFile; fileRef = 12BFE5A82A8E5D55005748B2 /* User.swift */; };
		12BFE5AC2A8E60DB005748B2 /* Constants.swift in Sources */ = {isa = PBXBuildFile; fileRef = 12BFE5AB2A8E60DB005748B2 /* Constants.swift */; };
		12BFE5AE2A8E9CB8005748B2 /* FCollectionReference.swift in Sources */ = {isa = PBXBuildFile; fileRef = 12BFE5AD2A8E9CB8005748B2 /* FCollectionReference.swift */; };
		12BFE5B12A8E9EFE005748B2 /* FirebaseUserListener.swift in Sources */ = {isa = PBXBuildFile; fileRef = 12BFE5B02A8E9EFE005748B2 /* FirebaseUserListener.swift */; };
		12BFE5B42A913AB9005748B2 /* SettingsTableViewController.swift in Sources */ = {isa = PBXBuildFile; fileRef = 12BFE5B32A913AB9005748B2 /* SettingsTableViewController.swift */; };
		12BFE5B62A926518005748B2 /* EditProfileTableViewController.swift in Sources */ = {isa = PBXBuildFile; fileRef = 12BFE5B52A926518005748B2 /* EditProfileTableViewController.swift */; };
		12F3DFDF2A938C5D002A7E12 /* FileStorage.swift in Sources */ = {isa = PBXBuildFile; fileRef = 12F3DFDE2A938C5D002A7E12 /* FileStorage.swift */; };
		12F3DFE12A93E792002A7E12 /*  GlobalFunctions.swift in Sources */ = {isa = PBXBuildFile; fileRef = 12F3DFE02A93E792002A7E12 /*  GlobalFunctions.swift */; };
		12F3DFE32A93F6AD002A7E12 /* Extensions.swift in Sources */ = {isa = PBXBuildFile; fileRef = 12F3DFE22A93F6AD002A7E12 /* Extensions.swift */; };
		12F3DFE52A93FCC7002A7E12 /* Status.swift in Sources */ = {isa = PBXBuildFile; fileRef = 12F3DFE42A93FCC7002A7E12 /* Status.swift */; };
		12F3DFE72A94020C002A7E12 /* StatusTableViewController.swift in Sources */ = {isa = PBXBuildFile; fileRef = 12F3DFE62A94020C002A7E12 /* StatusTableViewController.swift */; };
		12F3DFE92A94DD8E002A7E12 /* UserTableViewCell.swift in Sources */ = {isa = PBXBuildFile; fileRef = 12F3DFE82A94DD8E002A7E12 /* UserTableViewCell.swift */; };
		12F3DFEB2A94DDB5002A7E12 /* UsersTableViewController.swift in Sources */ = {isa = PBXBuildFile; fileRef = 12F3DFEA2A94DDB5002A7E12 /* UsersTableViewController.swift */; };
		FC091A8161450DF11A1DD603 /* Pods_N_ber.framework in Frameworks */ = {isa = PBXBuildFile; fileRef = A478E78BEC65F0FD8670F791 /* Pods_N_ber.framework */; };
/* End PBXBuildFile section */

/* Begin PBXFileReference section */
		1242BE092A9616C00011332A /* ProfileTableViewController.swift */ = {isa = PBXFileReference; lastKnownFileType = sourcecode.swift; path = ProfileTableViewController.swift; sourceTree = "<group>"; };
		1242BE0C2A9627380011332A /* RecentChat.swift */ = {isa = PBXFileReference; lastKnownFileType = sourcecode.swift; path = RecentChat.swift; sourceTree = "<group>"; };
		1242BE0E2A963BA00011332A /* RecentTableViewCell.swift */ = {isa = PBXFileReference; lastKnownFileType = sourcecode.swift; path = RecentTableViewCell.swift; sourceTree = "<group>"; };
		1242BE102A964A910011332A /* StartChat.swift */ = {isa = PBXFileReference; lastKnownFileType = sourcecode.swift; path = StartChat.swift; sourceTree = "<group>"; };
		1242BE122A9A59600011332A /* FirebaseRecentListener.swift */ = {isa = PBXFileReference; lastKnownFileType = sourcecode.swift; path = FirebaseRecentListener.swift; sourceTree = "<group>"; };
		1242BE142A9CB6090011332A /* ChatsTableViewController.swift */ = {isa = PBXFileReference; lastKnownFileType = sourcecode.swift; path = ChatsTableViewController.swift; sourceTree = "<group>"; };
		1242BE162A9E19A20011332A /* ChatViewController.swift */ = {isa = PBXFileReference; lastKnownFileType = sourcecode.swift; path = ChatViewController.swift; sourceTree = "<group>"; };
		125D2C142A8C041A003415B1 /* N-ber.app */ = {isa = PBXFileReference; explicitFileType = wrapper.application; includeInIndex = 0; path = "N-ber.app"; sourceTree = BUILT_PRODUCTS_DIR; };
		125D2C172A8C041A003415B1 /* AppDelegate.swift */ = {isa = PBXFileReference; lastKnownFileType = sourcecode.swift; path = AppDelegate.swift; sourceTree = "<group>"; };
		125D2C192A8C041A003415B1 /* SceneDelegate.swift */ = {isa = PBXFileReference; lastKnownFileType = sourcecode.swift; path = SceneDelegate.swift; sourceTree = "<group>"; };
		125D2C1B2A8C041A003415B1 /* LoginViewController.swift */ = {isa = PBXFileReference; lastKnownFileType = sourcecode.swift; path = LoginViewController.swift; sourceTree = "<group>"; };
		125D2C1E2A8C041A003415B1 /* Base */ = {isa = PBXFileReference; lastKnownFileType = file.storyboard; name = Base; path = Base.lproj/Main.storyboard; sourceTree = "<group>"; };
		125D2C202A8C041C003415B1 /* Assets.xcassets */ = {isa = PBXFileReference; lastKnownFileType = folder.assetcatalog; path = Assets.xcassets; sourceTree = "<group>"; };
		125D2C232A8C041C003415B1 /* Base */ = {isa = PBXFileReference; lastKnownFileType = file.storyboard; name = Base; path = Base.lproj/LaunchScreen.storyboard; sourceTree = "<group>"; };
		125D2C252A8C041C003415B1 /* Info.plist */ = {isa = PBXFileReference; lastKnownFileType = text.plist.xml; path = Info.plist; sourceTree = "<group>"; };
		125D2C2B2A8C0BC4003415B1 /* GoogleService-Info.plist */ = {isa = PBXFileReference; fileEncoding = 4; lastKnownFileType = text.plist.xml; path = "GoogleService-Info.plist"; sourceTree = "<group>"; };
		128E4FC32A9F5BE30028244D /* MessageDataSource.swift */ = {isa = PBXFileReference; lastKnownFileType = sourcecode.swift; path = MessageDataSource.swift; sourceTree = "<group>"; };
		128E4FC62A9F5C210028244D /* MessageCellDelegate.swift */ = {isa = PBXFileReference; lastKnownFileType = sourcecode.swift; path = MessageCellDelegate.swift; sourceTree = "<group>"; };
		128E4FC82A9F5C3F0028244D /* MessageDisplayDelegate.swift */ = {isa = PBXFileReference; lastKnownFileType = sourcecode.swift; path = MessageDisplayDelegate.swift; sourceTree = "<group>"; };
		128E4FCA2A9F5C4E0028244D /* MessageLayoutDelegate.swift */ = {isa = PBXFileReference; lastKnownFileType = sourcecode.swift; path = MessageLayoutDelegate.swift; sourceTree = "<group>"; };
		128E4FCC2A9F5C5E0028244D /* InputBarAccessoryViewDelegate.swift */ = {isa = PBXFileReference; lastKnownFileType = sourcecode.swift; path = InputBarAccessoryViewDelegate.swift; sourceTree = "<group>"; };
		128E4FCE2A9F62220028244D /* MessageKitDefaults.swift */ = {isa = PBXFileReference; lastKnownFileType = sourcecode.swift; path = MessageKitDefaults.swift; sourceTree = "<group>"; };
		128E4FD02A9F71730028244D /* MKMessage.swift */ = {isa = PBXFileReference; lastKnownFileType = sourcecode.swift; path = MKMessage.swift; sourceTree = "<group>"; };
		128E4FD22A9F75E40028244D /* LocalMessage.swift */ = {isa = PBXFileReference; lastKnownFileType = sourcecode.swift; path = LocalMessage.swift; sourceTree = "<group>"; };
		12BFE5A82A8E5D55005748B2 /* User.swift */ = {isa = PBXFileReference; lastKnownFileType = sourcecode.swift; path = User.swift; sourceTree = "<group>"; };
		12BFE5AB2A8E60DB005748B2 /* Constants.swift */ = {isa = PBXFileReference; lastKnownFileType = sourcecode.swift; path = Constants.swift; sourceTree = "<group>"; };
		12BFE5AD2A8E9CB8005748B2 /* FCollectionReference.swift */ = {isa = PBXFileReference; lastKnownFileType = sourcecode.swift; path = FCollectionReference.swift; sourceTree = "<group>"; };
		12BFE5B02A8E9EFE005748B2 /* FirebaseUserListener.swift */ = {isa = PBXFileReference; lastKnownFileType = sourcecode.swift; path = FirebaseUserListener.swift; sourceTree = "<group>"; };
		12BFE5B32A913AB9005748B2 /* SettingsTableViewController.swift */ = {isa = PBXFileReference; lastKnownFileType = sourcecode.swift; path = SettingsTableViewController.swift; sourceTree = "<group>"; };
		12BFE5B52A926518005748B2 /* EditProfileTableViewController.swift */ = {isa = PBXFileReference; lastKnownFileType = sourcecode.swift; path = EditProfileTableViewController.swift; sourceTree = "<group>"; };
		12F3DFDE2A938C5D002A7E12 /* FileStorage.swift */ = {isa = PBXFileReference; lastKnownFileType = sourcecode.swift; path = FileStorage.swift; sourceTree = "<group>"; };
		12F3DFE02A93E792002A7E12 /*  GlobalFunctions.swift */ = {isa = PBXFileReference; lastKnownFileType = sourcecode.swift; path = " GlobalFunctions.swift"; sourceTree = "<group>"; };
		12F3DFE22A93F6AD002A7E12 /* Extensions.swift */ = {isa = PBXFileReference; lastKnownFileType = sourcecode.swift; path = Extensions.swift; sourceTree = "<group>"; };
		12F3DFE42A93FCC7002A7E12 /* Status.swift */ = {isa = PBXFileReference; lastKnownFileType = sourcecode.swift; path = Status.swift; sourceTree = "<group>"; };
		12F3DFE62A94020C002A7E12 /* StatusTableViewController.swift */ = {isa = PBXFileReference; lastKnownFileType = sourcecode.swift; path = StatusTableViewController.swift; sourceTree = "<group>"; };
		12F3DFE82A94DD8E002A7E12 /* UserTableViewCell.swift */ = {isa = PBXFileReference; lastKnownFileType = sourcecode.swift; path = UserTableViewCell.swift; sourceTree = "<group>"; };
		12F3DFEA2A94DDB5002A7E12 /* UsersTableViewController.swift */ = {isa = PBXFileReference; lastKnownFileType = sourcecode.swift; path = UsersTableViewController.swift; sourceTree = "<group>"; };
		A3A43E965B8C30FC9D786EE5 /* Pods-N-ber.release.xcconfig */ = {isa = PBXFileReference; includeInIndex = 1; lastKnownFileType = text.xcconfig; name = "Pods-N-ber.release.xcconfig"; path = "Target Support Files/Pods-N-ber/Pods-N-ber.release.xcconfig"; sourceTree = "<group>"; };
		A478E78BEC65F0FD8670F791 /* Pods_N_ber.framework */ = {isa = PBXFileReference; explicitFileType = wrapper.framework; includeInIndex = 0; path = Pods_N_ber.framework; sourceTree = BUILT_PRODUCTS_DIR; };
		EFD31D3A0294DA80B1823C88 /* Pods-N-ber.debug.xcconfig */ = {isa = PBXFileReference; includeInIndex = 1; lastKnownFileType = text.xcconfig; name = "Pods-N-ber.debug.xcconfig"; path = "Target Support Files/Pods-N-ber/Pods-N-ber.debug.xcconfig"; sourceTree = "<group>"; };
/* End PBXFileReference section */

/* Begin PBXFrameworksBuildPhase section */
		125D2C112A8C041A003415B1 /* Frameworks */ = {
			isa = PBXFrameworksBuildPhase;
			buildActionMask = 2147483647;
			files = (
				FC091A8161450DF11A1DD603 /* Pods_N_ber.framework in Frameworks */,
			);
			runOnlyForDeploymentPostprocessing = 0;
		};
/* End PBXFrameworksBuildPhase section */

/* Begin PBXGroup section */
		1242BE052A9613CE0011332A /* SettingsView */ = {
			isa = PBXGroup;
			children = (
				12BFE5B32A913AB9005748B2 /* SettingsTableViewController.swift */,
				12BFE5B52A926518005748B2 /* EditProfileTableViewController.swift */,
				12F3DFE62A94020C002A7E12 /* StatusTableViewController.swift */,
			);
			path = SettingsView;
			sourceTree = "<group>";
		};
		1242BE062A9613EB0011332A /* CustomCells */ = {
			isa = PBXGroup;
			children = (
				12F3DFE82A94DD8E002A7E12 /* UserTableViewCell.swift */,
				1242BE0E2A963BA00011332A /* RecentTableViewCell.swift */,
			);
			path = CustomCells;
			sourceTree = "<group>";
		};
		1242BE072A9614270011332A /* LoginViews */ = {
			isa = PBXGroup;
			children = (
				125D2C1B2A8C041A003415B1 /* LoginViewController.swift */,
			);
			path = LoginViews;
			sourceTree = "<group>";
		};
		1242BE082A9614560011332A /* MainViews */ = {
			isa = PBXGroup;
			children = (
				12F3DFEA2A94DDB5002A7E12 /* UsersTableViewController.swift */,
				1242BE142A9CB6090011332A /* ChatsTableViewController.swift */,
			);
			path = MainViews;
			sourceTree = "<group>";
		};
		1242BE0B2A9616DD0011332A /* SecondaryViews */ = {
			isa = PBXGroup;
			children = (
				1242BE092A9616C00011332A /* ProfileTableViewController.swift */,
				1242BE162A9E19A20011332A /* ChatViewController.swift */,
				128E4FC52A9F5BFD0028244D /* ChatViewExtensions */,
			);
			path = SecondaryViews;
			sourceTree = "<group>";
		};
		125D2C0B2A8C041A003415B1 = {
			isa = PBXGroup;
			children = (
				125D2C162A8C041A003415B1 /* N-ber */,
				125D2C152A8C041A003415B1 /* Products */,
				A4229C5773470C065B57385E /* Pods */,
				3674626A63E39FC121AD1B29 /* Frameworks */,
			);
			sourceTree = "<group>";
		};
		125D2C152A8C041A003415B1 /* Products */ = {
			isa = PBXGroup;
			children = (
				125D2C142A8C041A003415B1 /* N-ber.app */,
			);
			name = Products;
			sourceTree = "<group>";
		};
		125D2C162A8C041A003415B1 /* N-ber */ = {
			isa = PBXGroup;
			children = (
				125D2C172A8C041A003415B1 /* AppDelegate.swift */,
				125D2C192A8C041A003415B1 /* SceneDelegate.swift */,
				1242BE082A9614560011332A /* MainViews */,
				1242BE0B2A9616DD0011332A /* SecondaryViews */,
				1242BE072A9614270011332A /* LoginViews */,
				1242BE052A9613CE0011332A /* SettingsView */,
				1242BE062A9613EB0011332A /* CustomCells */,
				12BFE5AF2A8E9E5F005748B2 /* FirebaseHelpers */,
				12BFE5AA2A8E5D6C005748B2 /* Model */,
				12BFE5B22A9115AA005748B2 /* Helpers */,
				125D2C1D2A8C041A003415B1 /* Main.storyboard */,
				125D2C202A8C041C003415B1 /* Assets.xcassets */,
				125D2C222A8C041C003415B1 /* LaunchScreen.storyboard */,
				125D2C252A8C041C003415B1 /* Info.plist */,
				125D2C2B2A8C0BC4003415B1 /* GoogleService-Info.plist */,
			);
			path = "N-ber";
			sourceTree = "<group>";
		};
		128E4FC52A9F5BFD0028244D /* ChatViewExtensions */ = {
			isa = PBXGroup;
			children = (
				128E4FC32A9F5BE30028244D /* MessageDataSource.swift */,
				128E4FC62A9F5C210028244D /* MessageCellDelegate.swift */,
				128E4FC82A9F5C3F0028244D /* MessageDisplayDelegate.swift */,
				128E4FCA2A9F5C4E0028244D /* MessageLayoutDelegate.swift */,
				128E4FCC2A9F5C5E0028244D /* InputBarAccessoryViewDelegate.swift */,
			);
			path = ChatViewExtensions;
			sourceTree = "<group>";
		};
		128E4FD42A9F75EF0028244D /* RealmMessages */ = {
			isa = PBXGroup;
			children = (
				128E4FD22A9F75E40028244D /* LocalMessage.swift */,
			);
			path = RealmMessages;
			sourceTree = "<group>";
		};
		12BFE5AA2A8E5D6C005748B2 /* Model */ = {
			isa = PBXGroup;
			children = (
				12BFE5A82A8E5D55005748B2 /* User.swift */,
				1242BE0C2A9627380011332A /* RecentChat.swift */,
				12F3DFE42A93FCC7002A7E12 /* Status.swift */,
				128E4FD02A9F71730028244D /* MKMessage.swift */,
				128E4FD42A9F75EF0028244D /* RealmMessages */,
			);
			path = Model;
			sourceTree = "<group>";
		};
		12BFE5AF2A8E9E5F005748B2 /* FirebaseHelpers */ = {
			isa = PBXGroup;
			children = (
				12BFE5AD2A8E9CB8005748B2 /* FCollectionReference.swift */,
				12BFE5B02A8E9EFE005748B2 /* FirebaseUserListener.swift */,
				1242BE122A9A59600011332A /* FirebaseRecentListener.swift */,
				12F3DFDE2A938C5D002A7E12 /* FileStorage.swift */,
			);
			path = FirebaseHelpers;
			sourceTree = "<group>";
		};
		12BFE5B22A9115AA005748B2 /* Helpers */ = {
			isa = PBXGroup;
			children = (
				12BFE5AB2A8E60DB005748B2 /* Constants.swift */,
				12F3DFE02A93E792002A7E12 /*  GlobalFunctions.swift */,
				1242BE102A964A910011332A /* StartChat.swift */,
				12F3DFE22A93F6AD002A7E12 /* Extensions.swift */,
				128E4FCE2A9F62220028244D /* MessageKitDefaults.swift */,
			);
			path = Helpers;
			sourceTree = "<group>";
		};
		3674626A63E39FC121AD1B29 /* Frameworks */ = {
			isa = PBXGroup;
			children = (
				A478E78BEC65F0FD8670F791 /* Pods_N_ber.framework */,
			);
			name = Frameworks;
			sourceTree = "<group>";
		};
		A4229C5773470C065B57385E /* Pods */ = {
			isa = PBXGroup;
			children = (
				EFD31D3A0294DA80B1823C88 /* Pods-N-ber.debug.xcconfig */,
				A3A43E965B8C30FC9D786EE5 /* Pods-N-ber.release.xcconfig */,
			);
			path = Pods;
			sourceTree = "<group>";
		};
/* End PBXGroup section */

/* Begin PBXNativeTarget section */
		125D2C132A8C041A003415B1 /* N-ber */ = {
			isa = PBXNativeTarget;
			buildConfigurationList = 125D2C282A8C041C003415B1 /* Build configuration list for PBXNativeTarget "N-ber" */;
			buildPhases = (
				9B80B931101466B98B206055 /* [CP] Check Pods Manifest.lock */,
				125D2C102A8C041A003415B1 /* Sources */,
				125D2C112A8C041A003415B1 /* Frameworks */,
				125D2C122A8C041A003415B1 /* Resources */,
				6C2AB72C223148845F5AB139 /* [CP] Embed Pods Frameworks */,
			);
			buildRules = (
			);
			dependencies = (
			);
			name = "N-ber";
			productName = "N-ber";
			productReference = 125D2C142A8C041A003415B1 /* N-ber.app */;
			productType = "com.apple.product-type.application";
		};
/* End PBXNativeTarget section */

/* Begin PBXProject section */
		125D2C0C2A8C041A003415B1 /* Project object */ = {
			isa = PBXProject;
			attributes = {
				BuildIndependentTargetsInParallel = 1;
				LastSwiftUpdateCheck = 1420;
				LastUpgradeCheck = 1420;
				TargetAttributes = {
					125D2C132A8C041A003415B1 = {
						CreatedOnToolsVersion = 14.2;
					};
				};
			};
			buildConfigurationList = 125D2C0F2A8C041A003415B1 /* Build configuration list for PBXProject "N-ber" */;
			compatibilityVersion = "Xcode 14.0";
			developmentRegion = en;
			hasScannedForEncodings = 0;
			knownRegions = (
				en,
				Base,
			);
			mainGroup = 125D2C0B2A8C041A003415B1;
			productRefGroup = 125D2C152A8C041A003415B1 /* Products */;
			projectDirPath = "";
			projectRoot = "";
			targets = (
				125D2C132A8C041A003415B1 /* N-ber */,
			);
		};
/* End PBXProject section */

/* Begin PBXResourcesBuildPhase section */
		125D2C122A8C041A003415B1 /* Resources */ = {
			isa = PBXResourcesBuildPhase;
			buildActionMask = 2147483647;
			files = (
				125D2C242A8C041C003415B1 /* LaunchScreen.storyboard in Resources */,
				125D2C2C2A8C0BC4003415B1 /* GoogleService-Info.plist in Resources */,
				125D2C212A8C041C003415B1 /* Assets.xcassets in Resources */,
				125D2C1F2A8C041A003415B1 /* Main.storyboard in Resources */,
			);
			runOnlyForDeploymentPostprocessing = 0;
		};
/* End PBXResourcesBuildPhase section */

/* Begin PBXShellScriptBuildPhase section */
		6C2AB72C223148845F5AB139 /* [CP] Embed Pods Frameworks */ = {
			isa = PBXShellScriptBuildPhase;
			buildActionMask = 2147483647;
			files = (
			);
			inputFileListPaths = (
				"${PODS_ROOT}/Target Support Files/Pods-N-ber/Pods-N-ber-frameworks-${CONFIGURATION}-input-files.xcfilelist",
			);
			name = "[CP] Embed Pods Frameworks";
			outputFileListPaths = (
				"${PODS_ROOT}/Target Support Files/Pods-N-ber/Pods-N-ber-frameworks-${CONFIGURATION}-output-files.xcfilelist",
			);
			runOnlyForDeploymentPostprocessing = 0;
			shellPath = /bin/sh;
			shellScript = "\"${PODS_ROOT}/Target Support Files/Pods-N-ber/Pods-N-ber-frameworks.sh\"\n";
			showEnvVarsInLog = 0;
		};
		9B80B931101466B98B206055 /* [CP] Check Pods Manifest.lock */ = {
			isa = PBXShellScriptBuildPhase;
			buildActionMask = 2147483647;
			files = (
			);
			inputFileListPaths = (
			);
			inputPaths = (
				"${PODS_PODFILE_DIR_PATH}/Podfile.lock",
				"${PODS_ROOT}/Manifest.lock",
			);
			name = "[CP] Check Pods Manifest.lock";
			outputFileListPaths = (
			);
			outputPaths = (
				"$(DERIVED_FILE_DIR)/Pods-N-ber-checkManifestLockResult.txt",
			);
			runOnlyForDeploymentPostprocessing = 0;
			shellPath = /bin/sh;
			shellScript = "diff \"${PODS_PODFILE_DIR_PATH}/Podfile.lock\" \"${PODS_ROOT}/Manifest.lock\" > /dev/null\nif [ $? != 0 ] ; then\n    # print error to STDERR\n    echo \"error: The sandbox is not in sync with the Podfile.lock. Run 'pod install' or update your CocoaPods installation.\" >&2\n    exit 1\nfi\n# This output is used by Xcode 'outputs' to avoid re-running this script phase.\necho \"SUCCESS\" > \"${SCRIPT_OUTPUT_FILE_0}\"\n";
			showEnvVarsInLog = 0;
		};
/* End PBXShellScriptBuildPhase section */

/* Begin PBXSourcesBuildPhase section */
		125D2C102A8C041A003415B1 /* Sources */ = {
			isa = PBXSourcesBuildPhase;
			buildActionMask = 2147483647;
			files = (
				1242BE0D2A9627380011332A /* RecentChat.swift in Sources */,
				128E4FD32A9F75E40028244D /* LocalMessage.swift in Sources */,
				12BFE5AE2A8E9CB8005748B2 /* FCollectionReference.swift in Sources */,
				12F3DFDF2A938C5D002A7E12 /* FileStorage.swift in Sources */,
				1242BE132A9A59600011332A /* FirebaseRecentListener.swift in Sources */,
				12F3DFE12A93E792002A7E12 /*  GlobalFunctions.swift in Sources */,
				128E4FCD2A9F5C5E0028244D /* InputBarAccessoryViewDelegate.swift in Sources */,
				128E4FCF2A9F62220028244D /* MessageKitDefaults.swift in Sources */,
				128E4FC72A9F5C210028244D /* MessageCellDelegate.swift in Sources */,
				12BFE5AC2A8E60DB005748B2 /* Constants.swift in Sources */,
				12F3DFE92A94DD8E002A7E12 /* UserTableViewCell.swift in Sources */,
				12BFE5A92A8E5D55005748B2 /* User.swift in Sources */,
				125D2C1C2A8C041A003415B1 /* LoginViewController.swift in Sources */,
				1242BE0A2A9616C00011332A /* ProfileTableViewController.swift in Sources */,
				12BFE5B42A913AB9005748B2 /* SettingsTableViewController.swift in Sources */,
				12F3DFE32A93F6AD002A7E12 /* Extensions.swift in Sources */,
				12BFE5B62A926518005748B2 /* EditProfileTableViewController.swift in Sources */,
				12F3DFE72A94020C002A7E12 /* StatusTableViewController.swift in Sources */,
				12F3DFE52A93FCC7002A7E12 /* Status.swift in Sources */,
				125D2C182A8C041A003415B1 /* AppDelegate.swift in Sources */,
				1242BE172A9E19A20011332A /* ChatViewController.swift in Sources */,
				12BFE5B12A8E9EFE005748B2 /* FirebaseUserListener.swift in Sources */,
				128E4FC92A9F5C3F0028244D /* MessageDisplayDelegate.swift in Sources */,
				128E4FC42A9F5BE30028244D /* MessageDataSource.swift in Sources */,
				1242BE152A9CB6090011332A /* ChatsTableViewController.swift in Sources */,
				128E4FCB2A9F5C4E0028244D /* MessageLayoutDelegate.swift in Sources */,
				1242BE112A964A910011332A /* StartChat.swift in Sources */,
				12F3DFEB2A94DDB5002A7E12 /* UsersTableViewController.swift in Sources */,
				125D2C1A2A8C041A003415B1 /* SceneDelegate.swift in Sources */,
				1242BE0F2A963BA00011332A /* RecentTableViewCell.swift in Sources */,
				128E4FD12A9F71730028244D /* MKMessage.swift in Sources */,
			);
			runOnlyForDeploymentPostprocessing = 0;
		};
/* End PBXSourcesBuildPhase section */

/* Begin PBXVariantGroup section */
		125D2C1D2A8C041A003415B1 /* Main.storyboard */ = {
			isa = PBXVariantGroup;
			children = (
				125D2C1E2A8C041A003415B1 /* Base */,
			);
			name = Main.storyboard;
			sourceTree = "<group>";
		};
		125D2C222A8C041C003415B1 /* LaunchScreen.storyboard */ = {
			isa = PBXVariantGroup;
			children = (
				125D2C232A8C041C003415B1 /* Base */,
			);
			name = LaunchScreen.storyboard;
			sourceTree = "<group>";
		};
/* End PBXVariantGroup section */

/* Begin XCBuildConfiguration section */
		125D2C262A8C041C003415B1 /* Debug */ = {
			isa = XCBuildConfiguration;
			buildSettings = {
				ALWAYS_SEARCH_USER_PATHS = NO;
				CLANG_ANALYZER_NONNULL = YES;
				CLANG_ANALYZER_NUMBER_OBJECT_CONVERSION = YES_AGGRESSIVE;
				CLANG_CXX_LANGUAGE_STANDARD = "gnu++20";
				CLANG_ENABLE_MODULES = YES;
				CLANG_ENABLE_OBJC_ARC = YES;
				CLANG_ENABLE_OBJC_WEAK = YES;
				CLANG_WARN_BLOCK_CAPTURE_AUTORELEASING = YES;
				CLANG_WARN_BOOL_CONVERSION = YES;
				CLANG_WARN_COMMA = YES;
				CLANG_WARN_CONSTANT_CONVERSION = YES;
				CLANG_WARN_DEPRECATED_OBJC_IMPLEMENTATIONS = YES;
				CLANG_WARN_DIRECT_OBJC_ISA_USAGE = YES_ERROR;
				CLANG_WARN_DOCUMENTATION_COMMENTS = YES;
				CLANG_WARN_EMPTY_BODY = YES;
				CLANG_WARN_ENUM_CONVERSION = YES;
				CLANG_WARN_INFINITE_RECURSION = YES;
				CLANG_WARN_INT_CONVERSION = YES;
				CLANG_WARN_NON_LITERAL_NULL_CONVERSION = YES;
				CLANG_WARN_OBJC_IMPLICIT_RETAIN_SELF = YES;
				CLANG_WARN_OBJC_LITERAL_CONVERSION = YES;
				CLANG_WARN_OBJC_ROOT_CLASS = YES_ERROR;
				CLANG_WARN_QUOTED_INCLUDE_IN_FRAMEWORK_HEADER = YES;
				CLANG_WARN_RANGE_LOOP_ANALYSIS = YES;
				CLANG_WARN_STRICT_PROTOTYPES = YES;
				CLANG_WARN_SUSPICIOUS_MOVE = YES;
				CLANG_WARN_UNGUARDED_AVAILABILITY = YES_AGGRESSIVE;
				CLANG_WARN_UNREACHABLE_CODE = YES;
				CLANG_WARN__DUPLICATE_METHOD_MATCH = YES;
				COPY_PHASE_STRIP = NO;
				DEBUG_INFORMATION_FORMAT = dwarf;
				ENABLE_STRICT_OBJC_MSGSEND = YES;
				ENABLE_TESTABILITY = YES;
				GCC_C_LANGUAGE_STANDARD = gnu11;
				GCC_DYNAMIC_NO_PIC = NO;
				GCC_NO_COMMON_BLOCKS = YES;
				GCC_OPTIMIZATION_LEVEL = 0;
				GCC_PREPROCESSOR_DEFINITIONS = (
					"DEBUG=1",
					"$(inherited)",
				);
				GCC_WARN_64_TO_32_BIT_CONVERSION = YES;
				GCC_WARN_ABOUT_RETURN_TYPE = YES_ERROR;
				GCC_WARN_UNDECLARED_SELECTOR = YES;
				GCC_WARN_UNINITIALIZED_AUTOS = YES_AGGRESSIVE;
				GCC_WARN_UNUSED_FUNCTION = YES;
				GCC_WARN_UNUSED_VARIABLE = YES;
				IPHONEOS_DEPLOYMENT_TARGET = 16.2;
				MTL_ENABLE_DEBUG_INFO = INCLUDE_SOURCE;
				MTL_FAST_MATH = YES;
				ONLY_ACTIVE_ARCH = YES;
				SDKROOT = iphoneos;
				SWIFT_ACTIVE_COMPILATION_CONDITIONS = DEBUG;
				SWIFT_OPTIMIZATION_LEVEL = "-Onone";
			};
			name = Debug;
		};
		125D2C272A8C041C003415B1 /* Release */ = {
			isa = XCBuildConfiguration;
			buildSettings = {
				ALWAYS_SEARCH_USER_PATHS = NO;
				CLANG_ANALYZER_NONNULL = YES;
				CLANG_ANALYZER_NUMBER_OBJECT_CONVERSION = YES_AGGRESSIVE;
				CLANG_CXX_LANGUAGE_STANDARD = "gnu++20";
				CLANG_ENABLE_MODULES = YES;
				CLANG_ENABLE_OBJC_ARC = YES;
				CLANG_ENABLE_OBJC_WEAK = YES;
				CLANG_WARN_BLOCK_CAPTURE_AUTORELEASING = YES;
				CLANG_WARN_BOOL_CONVERSION = YES;
				CLANG_WARN_COMMA = YES;
				CLANG_WARN_CONSTANT_CONVERSION = YES;
				CLANG_WARN_DEPRECATED_OBJC_IMPLEMENTATIONS = YES;
				CLANG_WARN_DIRECT_OBJC_ISA_USAGE = YES_ERROR;
				CLANG_WARN_DOCUMENTATION_COMMENTS = YES;
				CLANG_WARN_EMPTY_BODY = YES;
				CLANG_WARN_ENUM_CONVERSION = YES;
				CLANG_WARN_INFINITE_RECURSION = YES;
				CLANG_WARN_INT_CONVERSION = YES;
				CLANG_WARN_NON_LITERAL_NULL_CONVERSION = YES;
				CLANG_WARN_OBJC_IMPLICIT_RETAIN_SELF = YES;
				CLANG_WARN_OBJC_LITERAL_CONVERSION = YES;
				CLANG_WARN_OBJC_ROOT_CLASS = YES_ERROR;
				CLANG_WARN_QUOTED_INCLUDE_IN_FRAMEWORK_HEADER = YES;
				CLANG_WARN_RANGE_LOOP_ANALYSIS = YES;
				CLANG_WARN_STRICT_PROTOTYPES = YES;
				CLANG_WARN_SUSPICIOUS_MOVE = YES;
				CLANG_WARN_UNGUARDED_AVAILABILITY = YES_AGGRESSIVE;
				CLANG_WARN_UNREACHABLE_CODE = YES;
				CLANG_WARN__DUPLICATE_METHOD_MATCH = YES;
				COPY_PHASE_STRIP = NO;
				DEBUG_INFORMATION_FORMAT = "dwarf-with-dsym";
				ENABLE_NS_ASSERTIONS = NO;
				ENABLE_STRICT_OBJC_MSGSEND = YES;
				GCC_C_LANGUAGE_STANDARD = gnu11;
				GCC_NO_COMMON_BLOCKS = YES;
				GCC_WARN_64_TO_32_BIT_CONVERSION = YES;
				GCC_WARN_ABOUT_RETURN_TYPE = YES_ERROR;
				GCC_WARN_UNDECLARED_SELECTOR = YES;
				GCC_WARN_UNINITIALIZED_AUTOS = YES_AGGRESSIVE;
				GCC_WARN_UNUSED_FUNCTION = YES;
				GCC_WARN_UNUSED_VARIABLE = YES;
				IPHONEOS_DEPLOYMENT_TARGET = 16.2;
				MTL_ENABLE_DEBUG_INFO = NO;
				MTL_FAST_MATH = YES;
				SDKROOT = iphoneos;
				SWIFT_COMPILATION_MODE = wholemodule;
				SWIFT_OPTIMIZATION_LEVEL = "-O";
				VALIDATE_PRODUCT = YES;
			};
			name = Release;
		};
		125D2C292A8C041C003415B1 /* Debug */ = {
			isa = XCBuildConfiguration;
			baseConfigurationReference = EFD31D3A0294DA80B1823C88 /* Pods-N-ber.debug.xcconfig */;
			buildSettings = {
				ASSETCATALOG_COMPILER_APPICON_NAME = AppIcon;
				ASSETCATALOG_COMPILER_GLOBAL_ACCENT_COLOR_NAME = AccentColor;
				CODE_SIGN_STYLE = Automatic;
				CURRENT_PROJECT_VERSION = 1;
				DEVELOPMENT_TEAM = CG2DGVAM4V;
				GENERATE_INFOPLIST_FILE = YES;
				INFOPLIST_FILE = "N-ber/Info.plist";
				INFOPLIST_KEY_UIApplicationSupportsIndirectInputEvents = YES;
				INFOPLIST_KEY_UILaunchStoryboardName = LaunchScreen;
				INFOPLIST_KEY_UIMainStoryboardFile = Main;
				INFOPLIST_KEY_UISupportedInterfaceOrientations_iPad = "UIInterfaceOrientationPortrait UIInterfaceOrientationPortraitUpsideDown UIInterfaceOrientationLandscapeLeft UIInterfaceOrientationLandscapeRight";
				INFOPLIST_KEY_UISupportedInterfaceOrientations_iPhone = "UIInterfaceOrientationPortrait UIInterfaceOrientationLandscapeLeft UIInterfaceOrientationLandscapeRight";
				LD_RUNPATH_SEARCH_PATHS = (
					"$(inherited)",
					"@executable_path/Frameworks",
				);
				MARKETING_VERSION = 1.0;
				PRODUCT_BUNDLE_IDENTIFIER = "com.seymarslan.N-ber";
				PRODUCT_NAME = "$(TARGET_NAME)";
				SWIFT_EMIT_LOC_STRINGS = YES;
				SWIFT_VERSION = 5.0;
				TARGETED_DEVICE_FAMILY = "1,2";
			};
			name = Debug;
		};
		125D2C2A2A8C041C003415B1 /* Release */ = {
			isa = XCBuildConfiguration;
			baseConfigurationReference = A3A43E965B8C30FC9D786EE5 /* Pods-N-ber.release.xcconfig */;
			buildSettings = {
				ASSETCATALOG_COMPILER_APPICON_NAME = AppIcon;
				ASSETCATALOG_COMPILER_GLOBAL_ACCENT_COLOR_NAME = AccentColor;
				CODE_SIGN_STYLE = Automatic;
				CURRENT_PROJECT_VERSION = 1;
				DEVELOPMENT_TEAM = CG2DGVAM4V;
				GENERATE_INFOPLIST_FILE = YES;
				INFOPLIST_FILE = "N-ber/Info.plist";
				INFOPLIST_KEY_UIApplicationSupportsIndirectInputEvents = YES;
				INFOPLIST_KEY_UILaunchStoryboardName = LaunchScreen;
				INFOPLIST_KEY_UIMainStoryboardFile = Main;
				INFOPLIST_KEY_UISupportedInterfaceOrientations_iPad = "UIInterfaceOrientationPortrait UIInterfaceOrientationPortraitUpsideDown UIInterfaceOrientationLandscapeLeft UIInterfaceOrientationLandscapeRight";
				INFOPLIST_KEY_UISupportedInterfaceOrientations_iPhone = "UIInterfaceOrientationPortrait UIInterfaceOrientationLandscapeLeft UIInterfaceOrientationLandscapeRight";
				LD_RUNPATH_SEARCH_PATHS = (
					"$(inherited)",
					"@executable_path/Frameworks",
				);
				MARKETING_VERSION = 1.0;
				PRODUCT_BUNDLE_IDENTIFIER = "com.seymarslan.N-ber";
				PRODUCT_NAME = "$(TARGET_NAME)";
				SWIFT_EMIT_LOC_STRINGS = YES;
				SWIFT_VERSION = 5.0;
				TARGETED_DEVICE_FAMILY = "1,2";
			};
			name = Release;
		};
/* End XCBuildConfiguration section */

/* Begin XCConfigurationList section */
		125D2C0F2A8C041A003415B1 /* Build configuration list for PBXProject "N-ber" */ = {
			isa = XCConfigurationList;
			buildConfigurations = (
				125D2C262A8C041C003415B1 /* Debug */,
				125D2C272A8C041C003415B1 /* Release */,
			);
			defaultConfigurationIsVisible = 0;
			defaultConfigurationName = Release;
		};
		125D2C282A8C041C003415B1 /* Build configuration list for PBXNativeTarget "N-ber" */ = {
			isa = XCConfigurationList;
			buildConfigurations = (
				125D2C292A8C041C003415B1 /* Debug */,
				125D2C2A2A8C041C003415B1 /* Release */,
			);
			defaultConfigurationIsVisible = 0;
			defaultConfigurationName = Release;
		};
/* End XCConfigurationList section */
	};
	rootObject = 125D2C0C2A8C041A003415B1 /* Project object */;
}
